
Microsoft Visual Studio Solution File, Format Version 12.00
# Visual Studio Version 17
VisualStudioVersion = 17.3.32819.101
MinimumVisualStudioVersion = 10.0.40219.1
Project("{FAE04EC0-301F-11D3-BF4B-00C04F79EFBC}") = "ZadaniaWarunki", "ZadaniaWarunki\ZadaniaWarunki.csproj", "{CC40A002-41D7-4852-A7EF-11A69244FE7D}"
EndProject
Global
	GlobalSection(SolutionConfigurationPlatforms) = preSolution
		Debug|Any CPU = Debug|Any CPU
		Release|Any CPU = Release|Any CPU
	EndGlobalSection
	GlobalSection(ProjectConfigurationPlatforms) = postSolution
		{CC40A002-41D7-4852-A7EF-11A69244FE7D}.Debug|Any CPU.ActiveCfg = Debug|Any CPU
		{CC40A002-41D7-4852-A7EF-11A69244FE7D}.Debug|Any CPU.Build.0 = Debug|Any CPU
		{CC40A002-41D7-4852-A7EF-11A69244FE7D}.Release|Any CPU.ActiveCfg = Release|Any CPU
		{CC40A002-41D7-4852-A7EF-11A69244FE7D}.Release|Any CPU.Build.0 = Release|Any CPU
	EndGlobalSection
	GlobalSection(SolutionProperties) = preSolution
		HideSolutionNode = FALSE
	EndGlobalSection
	GlobalSection(ExtensibilityGlobals) = postSolution
		SolutionGuid = {ADFF4D6D-A304-42C8-9DF9-CD5C7B16714F}
	EndGlobalSection
EndGlobal
